
Microsoft Visual Studio Solution File, Format Version 12.00
# Visual Studio Version 17
VisualStudioVersion = 17.7.34221.43
MinimumVisualStudioVersion = 10.0.40219.1
Project("{9A19103F-16F7-4668-BE54-9A1E7A4F7556}") = "API", "API\API.csproj", "{C0F95A7C-636E-4C09-8D1E-469E3E2BB01F}"
EndProject
Project("{9A19103F-16F7-4668-BE54-9A1E7A4F7556}") = "Client", "Client\Client.csproj", "{A6B0407E-8499-4D5D-8396-0FF1C667D90B}"
EndProject
Project("{9A19103F-16F7-4668-BE54-9A1E7A4F7556}") = "DataAccess", "DataAccess\DataAccess.csproj", "{F244A2CA-7D23-4EC4-8B3B-8B4BD59C0D7D}"
EndProject
Project("{9A19103F-16F7-4668-BE54-9A1E7A4F7556}") = "Repository", "Repository\Repository.csproj", "{D2115A1B-6D82-4DF2-874E-536131E57F96}"
EndProject
Global
	GlobalSection(SolutionConfigurationPlatforms) = preSolution
		Debug|Any CPU = Debug|Any CPU
		Release|Any CPU = Release|Any CPU
	EndGlobalSection
	GlobalSection(ProjectConfigurationPlatforms) = postSolution
		{C0F95A7C-636E-4C09-8D1E-469E3E2BB01F}.Debug|Any CPU.ActiveCfg = Debug|Any CPU
		{C0F95A7C-636E-4C09-8D1E-469E3E2BB01F}.Debug|Any CPU.Build.0 = Debug|Any CPU
		{C0F95A7C-636E-4C09-8D1E-469E3E2BB01F}.Release|Any CPU.ActiveCfg = Release|Any CPU
		{C0F95A7C-636E-4C09-8D1E-469E3E2BB01F}.Release|Any CPU.Build.0 = Release|Any CPU
		{A6B0407E-8499-4D5D-8396-0FF1C667D90B}.Debug|Any CPU.ActiveCfg = Debug|Any CPU
		{A6B0407E-8499-4D5D-8396-0FF1C667D90B}.Debug|Any CPU.Build.0 = Debug|Any CPU
		{A6B0407E-8499-4D5D-8396-0FF1C667D90B}.Release|Any CPU.ActiveCfg = Release|Any CPU
		{A6B0407E-8499-4D5D-8396-0FF1C667D90B}.Release|Any CPU.Build.0 = Release|Any CPU
		{F244A2CA-7D23-4EC4-8B3B-8B4BD59C0D7D}.Debug|Any CPU.ActiveCfg = Debug|Any CPU
		{F244A2CA-7D23-4EC4-8B3B-8B4BD59C0D7D}.Debug|Any CPU.Build.0 = Debug|Any CPU
		{F244A2CA-7D23-4EC4-8B3B-8B4BD59C0D7D}.Release|Any CPU.ActiveCfg = Release|Any CPU
		{F244A2CA-7D23-4EC4-8B3B-8B4BD59C0D7D}.Release|Any CPU.Build.0 = Release|Any CPU
		{D2115A1B-6D82-4DF2-874E-536131E57F96}.Debug|Any CPU.ActiveCfg = Debug|Any CPU
		{D2115A1B-6D82-4DF2-874E-536131E57F96}.Debug|Any CPU.Build.0 = Debug|Any CPU
		{D2115A1B-6D82-4DF2-874E-536131E57F96}.Release|Any CPU.ActiveCfg = Release|Any CPU
		{D2115A1B-6D82-4DF2-874E-536131E57F96}.Release|Any CPU.Build.0 = Release|Any CPU
	EndGlobalSection
	GlobalSection(SolutionProperties) = preSolution
		HideSolutionNode = FALSE
	EndGlobalSection
	GlobalSection(ExtensibilityGlobals) = postSolution
		SolutionGuid = {4FAEF1D1-0FB2-41FE-BFCF-67E6C35C4307}
	EndGlobalSection
EndGlobal
